
Microsoft Visual Studio Solution File, Format Version 12.00
# Visual Studio Version 17
VisualStudioVersion = 17.7.34031.279
MinimumVisualStudioVersion = 10.0.40219.1
Project("{FAE04EC0-301F-11D3-BF4B-00C04F79EFBC}") = "paiementService", "paiementService\paiementService.csproj", "{A5BA8009-4DAA-4F15-B00D-08F84433CFC9}"
EndProject
Project("{E53339B2-1760-4266-BCC7-CA923CBCF16C}") = "docker-compose", "docker-compose.dcproj", "{604C7587-E97B-4CA4-878F-FCC12539B406}"
EndProject
Global
	GlobalSection(SolutionConfigurationPlatforms) = preSolution
		Debug|Any CPU = Debug|Any CPU
		Release|Any CPU = Release|Any CPU
	EndGlobalSection
	GlobalSection(ProjectConfigurationPlatforms) = postSolution
		{A5BA8009-4DAA-4F15-B00D-08F84433CFC9}.Debug|Any CPU.ActiveCfg = Debug|Any CPU
		{A5BA8009-4DAA-4F15-B00D-08F84433CFC9}.Debug|Any CPU.Build.0 = Debug|Any CPU
		{A5BA8009-4DAA-4F15-B00D-08F84433CFC9}.Release|Any CPU.ActiveCfg = Release|Any CPU
		{A5BA8009-4DAA-4F15-B00D-08F84433CFC9}.Release|Any CPU.Build.0 = Release|Any CPU
		{604C7587-E97B-4CA4-878F-FCC12539B406}.Debug|Any CPU.ActiveCfg = Debug|Any CPU
		{604C7587-E97B-4CA4-878F-FCC12539B406}.Debug|Any CPU.Build.0 = Debug|Any CPU
		{604C7587-E97B-4CA4-878F-FCC12539B406}.Release|Any CPU.ActiveCfg = Release|Any CPU
		{604C7587-E97B-4CA4-878F-FCC12539B406}.Release|Any CPU.Build.0 = Release|Any CPU
	EndGlobalSection
	GlobalSection(SolutionProperties) = preSolution
		HideSolutionNode = FALSE
	EndGlobalSection
	GlobalSection(ExtensibilityGlobals) = postSolution
		SolutionGuid = {E07EC9F1-B475-4399-98E6-D974A96ABD6F}
	EndGlobalSection
EndGlobal
